// !$*UTF8*$!
{
	archiveVersion = 1;
	classes = {
	};
	objectVersion = 56;
	objects = {

/* Begin PBXBuildFile section */
		C09BFB0D2C262D380042DBED /* Treklet_frontendApp.swift in Sources */ = {isa = PBXBuildFile; fileRef = C09BFB0C2C262D380042DBED /* Treklet_frontendApp.swift */; };
		C09BFB0F2C262D380042DBED /* ContentView.swift in Sources */ = {isa = PBXBuildFile; fileRef = C09BFB0E2C262D380042DBED /* ContentView.swift */; };
		C09BFB112C262D390042DBED /* Assets.xcassets in Resources */ = {isa = PBXBuildFile; fileRef = C09BFB102C262D390042DBED /* Assets.xcassets */; };
		C09BFB142C262D390042DBED /* Preview Assets.xcassets in Resources */ = {isa = PBXBuildFile; fileRef = C09BFB132C262D390042DBED /* Preview Assets.xcassets */; };
		C09BFB1E2C262D390042DBED /* Treklet_frontendTests.swift in Sources */ = {isa = PBXBuildFile; fileRef = C09BFB1D2C262D390042DBED /* Treklet_frontendTests.swift */; };
		C09BFB282C262D390042DBED /* Treklet_frontendUITests.swift in Sources */ = {isa = PBXBuildFile; fileRef = C09BFB272C262D390042DBED /* Treklet_frontendUITests.swift */; };
		C09BFB2A2C262D390042DBED /* Treklet_frontendUITestsLaunchTests.swift in Sources */ = {isa = PBXBuildFile; fileRef = C09BFB292C262D390042DBED /* Treklet_frontendUITestsLaunchTests.swift */; };
/* End PBXBuildFile section */

/* Begin PBXContainerItemProxy section */
		C09BFB1A2C262D390042DBED /* PBXContainerItemProxy */ = {
			isa = PBXContainerItemProxy;
			containerPortal = C09BFB012C262D380042DBED /* Project object */;
			proxyType = 1;
			remoteGlobalIDString = C09BFB082C262D380042DBED;
			remoteInfo = Treklet_frontend;
		};
		C09BFB242C262D390042DBED /* PBXContainerItemProxy */ = {
			isa = PBXContainerItemProxy;
			containerPortal = C09BFB012C262D380042DBED /* Project object */;
			proxyType = 1;
			remoteGlobalIDString = C09BFB082C262D380042DBED;
			remoteInfo = Treklet_frontend;
		};
/* End PBXContainerItemProxy section */

/* Begin PBXFileReference section */
		C09BFB092C262D380042DBED /* Treklet_frontend.app */ = {isa = PBXFileReference; explicitFileType = wrapper.application; includeInIndex = 0; path = Treklet_frontend.app; sourceTree = BUILT_PRODUCTS_DIR; };
		C09BFB0C2C262D380042DBED /* Treklet_frontendApp.swift */ = {isa = PBXFileReference; lastKnownFileType = sourcecode.swift; path = Treklet_frontendApp.swift; sourceTree = "<group>"; };
		C09BFB0E2C262D380042DBED /* ContentView.swift */ = {isa = PBXFileReference; lastKnownFileType = sourcecode.swift; path = ContentView.swift; sourceTree = "<group>"; };
		C09BFB102C262D390042DBED /* Assets.xcassets */ = {isa = PBXFileReference; lastKnownFileType = folder.assetcatalog; path = Assets.xcassets; sourceTree = "<group>"; };
		C09BFB132C262D390042DBED /* Preview Assets.xcassets */ = {isa = PBXFileReference; lastKnownFileType = folder.assetcatalog; path = "Preview Assets.xcassets"; sourceTree = "<group>"; };
		C09BFB192C262D390042DBED /* Treklet_frontendTests.xctest */ = {isa = PBXFileReference; explicitFileType = wrapper.cfbundle; includeInIndex = 0; path = Treklet_frontendTests.xctest; sourceTree = BUILT_PRODUCTS_DIR; };
		C09BFB1D2C262D390042DBED /* Treklet_frontendTests.swift */ = {isa = PBXFileReference; lastKnownFileType = sourcecode.swift; path = Treklet_frontendTests.swift; sourceTree = "<group>"; };
		C09BFB232C262D390042DBED /* Treklet_frontendUITests.xctest */ = {isa = PBXFileReference; explicitFileType = wrapper.cfbundle; includeInIndex = 0; path = Treklet_frontendUITests.xctest; sourceTree = BUILT_PRODUCTS_DIR; };
		C09BFB272C262D390042DBED /* Treklet_frontendUITests.swift */ = {isa = PBXFileReference; lastKnownFileType = sourcecode.swift; path = Treklet_frontendUITests.swift; sourceTree = "<group>"; };
		C09BFB292C262D390042DBED /* Treklet_frontendUITestsLaunchTests.swift */ = {isa = PBXFileReference; lastKnownFileType = sourcecode.swift; path = Treklet_frontendUITestsLaunchTests.swift; sourceTree = "<group>"; };
/* End PBXFileReference section */

/* Begin PBXFrameworksBuildPhase section */
		C09BFB062C262D380042DBED /* Frameworks */ = {
			isa = PBXFrameworksBuildPhase;
			buildActionMask = 2147483647;
			files = (
			);
			runOnlyForDeploymentPostprocessing = 0;
		};
		C09BFB162C262D390042DBED /* Frameworks */ = {
			isa = PBXFrameworksBuildPhase;
			buildActionMask = 2147483647;
			files = (
			);
			runOnlyForDeploymentPostprocessing = 0;
		};
		C09BFB202C262D390042DBED /* Frameworks */ = {
			isa = PBXFrameworksBuildPhase;
			buildActionMask = 2147483647;
			files = (
			);
			runOnlyForDeploymentPostprocessing = 0;
		};
/* End PBXFrameworksBuildPhase section */

/* Begin PBXGroup section */
		C09BFB002C262D380042DBED = {
			isa = PBXGroup;
			children = (
				C09BFB0B2C262D380042DBED /* Treklet_frontend */,
				C09BFB1C2C262D390042DBED /* Treklet_frontendTests */,
				C09BFB262C262D390042DBED /* Treklet_frontendUITests */,
				C09BFB0A2C262D380042DBED /* Products */,
			);
			sourceTree = "<group>";
		};
		C09BFB0A2C262D380042DBED /* Products */ = {
			isa = PBXGroup;
			children = (
				C09BFB092C262D380042DBED /* Treklet_frontend.app */,
				C09BFB192C262D390042DBED /* Treklet_frontendTests.xctest */,
				C09BFB232C262D390042DBED /* Treklet_frontendUITests.xctest */,
			);
			name = Products;
			sourceTree = "<group>";
		};
		C09BFB0B2C262D380042DBED /* Treklet_frontend */ = {
			isa = PBXGroup;
			children = (
				C09BFB0C2C262D380042DBED /* Treklet_frontendApp.swift */,
				C09BFB0E2C262D380042DBED /* ContentView.swift */,
				C09BFB102C262D390042DBED /* Assets.xcassets */,
				C09BFB122C262D390042DBED /* Preview Content */,
			);
			path = Treklet_frontend;
			sourceTree = "<group>";
		};
		C09BFB122C262D390042DBED /* Preview Content */ = {
			isa = PBXGroup;
			children = (
				C09BFB132C262D390042DBED /* Preview Assets.xcassets */,
			);
			path = "Preview Content";
			sourceTree = "<group>";
		};
		C09BFB1C2C262D390042DBED /* Treklet_frontendTests */ = {
			isa = PBXGroup;
			children = (
				C09BFB1D2C262D390042DBED /* Treklet_frontendTests.swift */,
			);
			path = Treklet_frontendTests;
			sourceTree = "<group>";
		};
		C09BFB262C262D390042DBED /* Treklet_frontendUITests */ = {
			isa = PBXGroup;
			children = (
				C09BFB272C262D390042DBED /* Treklet_frontendUITests.swift */,
				C09BFB292C262D390042DBED /* Treklet_frontendUITestsLaunchTests.swift */,
			);
			path = Treklet_frontendUITests;
			sourceTree = "<group>";
		};
/* End PBXGroup section */

/* Begin PBXNativeTarget section */
		C09BFB082C262D380042DBED /* Treklet_frontend */ = {
			isa = PBXNativeTarget;
			buildConfigurationList = C09BFB2D2C262D390042DBED /* Build configuration list for PBXNativeTarget "Treklet_frontend" */;
			buildPhases = (
				C09BFB052C262D380042DBED /* Sources */,
				C09BFB062C262D380042DBED /* Frameworks */,
				C09BFB072C262D380042DBED /* Resources */,
			);
			buildRules = (
			);
			dependencies = (
			);
			name = Treklet_frontend;
			productName = Treklet_frontend;
			productReference = C09BFB092C262D380042DBED /* Treklet_frontend.app */;
			productType = "com.apple.product-type.application";
		};
		C09BFB182C262D390042DBED /* Treklet_frontendTests */ = {
			isa = PBXNativeTarget;
			buildConfigurationList = C09BFB302C262D390042DBED /* Build configuration list for PBXNativeTarget "Treklet_frontendTests" */;
			buildPhases = (
				C09BFB152C262D390042DBED /* Sources */,
				C09BFB162C262D390042DBED /* Frameworks */,
				C09BFB172C262D390042DBED /* Resources */,
			);
			buildRules = (
			);
			dependencies = (
				C09BFB1B2C262D390042DBED /* PBXTargetDependency */,
			);
			name = Treklet_frontendTests;
			productName = Treklet_frontendTests;
			productReference = C09BFB192C262D390042DBED /* Treklet_frontendTests.xctest */;
			productType = "com.apple.product-type.bundle.unit-test";
		};
		C09BFB222C262D390042DBED /* Treklet_frontendUITests */ = {
			isa = PBXNativeTarget;
			buildConfigurationList = C09BFB332C262D390042DBED /* Build configuration list for PBXNativeTarget "Treklet_frontendUITests" */;
			buildPhases = (
				C09BFB1F2C262D390042DBED /* Sources */,
				C09BFB202C262D390042DBED /* Frameworks */,
				C09BFB212C262D390042DBED /* Resources */,
			);
			buildRules = (
			);
			dependencies = (
				C09BFB252C262D390042DBED /* PBXTargetDependency */,
			);
			name = Treklet_frontendUITests;
			productName = Treklet_frontendUITests;
			productReference = C09BFB232C262D390042DBED /* Treklet_frontendUITests.xctest */;
			productType = "com.apple.product-type.bundle.ui-testing";
		};
/* End PBXNativeTarget section */

/* Begin PBXProject section */
		C09BFB012C262D380042DBED /* Project object */ = {
			isa = PBXProject;
			attributes = {
				BuildIndependentTargetsInParallel = 1;
				LastSwiftUpdateCheck = 1540;
				LastUpgradeCheck = 1540;
				TargetAttributes = {
					C09BFB082C262D380042DBED = {
						CreatedOnToolsVersion = 15.4;
					};
					C09BFB182C262D390042DBED = {
						CreatedOnToolsVersion = 15.4;
						TestTargetID = C09BFB082C262D380042DBED;
					};
					C09BFB222C262D390042DBED = {
						CreatedOnToolsVersion = 15.4;
						TestTargetID = C09BFB082C262D380042DBED;
					};
				};
			};
			buildConfigurationList = C09BFB042C262D380042DBED /* Build configuration list for PBXProject "Treklet_frontend" */;
			compatibilityVersion = "Xcode 14.0";
			developmentRegion = en;
			hasScannedForEncodings = 0;
			knownRegions = (
				en,
				Base,
			);
			mainGroup = C09BFB002C262D380042DBED;
			productRefGroup = C09BFB0A2C262D380042DBED /* Products */;
			projectDirPath = "";
			projectRoot = "";
			targets = (
				C09BFB082C262D380042DBED /* Treklet_frontend */,
				C09BFB182C262D390042DBED /* Treklet_frontendTests */,
				C09BFB222C262D390042DBED /* Treklet_frontendUITests */,
			);
		};
/* End PBXProject section */

/* Begin PBXResourcesBuildPhase section */
		C09BFB072C262D380042DBED /* Resources */ = {
			isa = PBXResourcesBuildPhase;
			buildActionMask = 2147483647;
			files = (
				C09BFB142C262D390042DBED /* Preview Assets.xcassets in Resources */,
				C09BFB112C262D390042DBED /* Assets.xcassets in Resources */,
			);
			runOnlyForDeploymentPostprocessing = 0;
		};
		C09BFB172C262D390042DBED /* Resources */ = {
			isa = PBXResourcesBuildPhase;
			buildActionMask = 2147483647;
			files = (
			);
			runOnlyForDeploymentPostprocessing = 0;
		};
		C09BFB212C262D390042DBED /* Resources */ = {
			isa = PBXResourcesBuildPhase;
			buildActionMask = 2147483647;
			files = (
			);
			runOnlyForDeploymentPostprocessing = 0;
		};
/* End PBXResourcesBuildPhase section */

/* Begin PBXSourcesBuildPhase section */
		C09BFB052C262D380042DBED /* Sources */ = {
			isa = PBXSourcesBuildPhase;
			buildActionMask = 2147483647;
			files = (
				C09BFB0F2C262D380042DBED /* ContentView.swift in Sources */,
				C09BFB0D2C262D380042DBED /* Treklet_frontendApp.swift in Sources */,
			);
			runOnlyForDeploymentPostprocessing = 0;
		};
		C09BFB152C262D390042DBED /* Sources */ = {
			isa = PBXSourcesBuildPhase;
			buildActionMask = 2147483647;
			files = (
				C09BFB1E2C262D390042DBED /* Treklet_frontendTests.swift in Sources */,
			);
			runOnlyForDeploymentPostprocessing = 0;
		};
		C09BFB1F2C262D390042DBED /* Sources */ = {
			isa = PBXSourcesBuildPhase;
			buildActionMask = 2147483647;
			files = (
				C09BFB2A2C262D390042DBED /* Treklet_frontendUITestsLaunchTests.swift in Sources */,
				C09BFB282C262D390042DBED /* Treklet_frontendUITests.swift in Sources */,
			);
			runOnlyForDeploymentPostprocessing = 0;
		};
/* End PBXSourcesBuildPhase section */

/* Begin PBXTargetDependency section */
		C09BFB1B2C262D390042DBED /* PBXTargetDependency */ = {
			isa = PBXTargetDependency;
			target = C09BFB082C262D380042DBED /* Treklet_frontend */;
			targetProxy = C09BFB1A2C262D390042DBED /* PBXContainerItemProxy */;
		};
		C09BFB252C262D390042DBED /* PBXTargetDependency */ = {
			isa = PBXTargetDependency;
			target = C09BFB082C262D380042DBED /* Treklet_frontend */;
			targetProxy = C09BFB242C262D390042DBED /* PBXContainerItemProxy */;
		};
/* End PBXTargetDependency section */

/* Begin XCBuildConfiguration section */
		C09BFB2B2C262D390042DBED /* Debug */ = {
			isa = XCBuildConfiguration;
			buildSettings = {
				ALWAYS_SEARCH_USER_PATHS = NO;
				ASSETCATALOG_COMPILER_GENERATE_SWIFT_ASSET_SYMBOL_EXTENSIONS = YES;
				CLANG_ANALYZER_NONNULL = YES;
				CLANG_ANALYZER_NUMBER_OBJECT_CONVERSION = YES_AGGRESSIVE;
				CLANG_CXX_LANGUAGE_STANDARD = "gnu++20";
				CLANG_ENABLE_MODULES = YES;
				CLANG_ENABLE_OBJC_ARC = YES;
				CLANG_ENABLE_OBJC_WEAK = YES;
				CLANG_WARN_BLOCK_CAPTURE_AUTORELEASING = YES;
				CLANG_WARN_BOOL_CONVERSION = YES;
				CLANG_WARN_COMMA = YES;
				CLANG_WARN_CONSTANT_CONVERSION = YES;
				CLANG_WARN_DEPRECATED_OBJC_IMPLEMENTATIONS = YES;
				CLANG_WARN_DIRECT_OBJC_ISA_USAGE = YES_ERROR;
				CLANG_WARN_DOCUMENTATION_COMMENTS = YES;
				CLANG_WARN_EMPTY_BODY = YES;
				CLANG_WARN_ENUM_CONVERSION = YES;
				CLANG_WARN_INFINITE_RECURSION = YES;
				CLANG_WARN_INT_CONVERSION = YES;
				CLANG_WARN_NON_LITERAL_NULL_CONVERSION = YES;
				CLANG_WARN_OBJC_IMPLICIT_RETAIN_SELF = YES;
				CLANG_WARN_OBJC_LITERAL_CONVERSION = YES;
				CLANG_WARN_OBJC_ROOT_CLASS = YES_ERROR;
				CLANG_WARN_QUOTED_INCLUDE_IN_FRAMEWORK_HEADER = YES;
				CLANG_WARN_RANGE_LOOP_ANALYSIS = YES;
				CLANG_WARN_STRICT_PROTOTYPES = YES;
				CLANG_WARN_SUSPICIOUS_MOVE = YES;
				CLANG_WARN_UNGUARDED_AVAILABILITY = YES_AGGRESSIVE;
				CLANG_WARN_UNREACHABLE_CODE = YES;
				CLANG_WARN__DUPLICATE_METHOD_MATCH = YES;
				COPY_PHASE_STRIP = NO;
				DEBUG_INFORMATION_FORMAT = dwarf;
				ENABLE_STRICT_OBJC_MSGSEND = YES;
				ENABLE_TESTABILITY = YES;
				ENABLE_USER_SCRIPT_SANDBOXING = YES;
				GCC_C_LANGUAGE_STANDARD = gnu17;
				GCC_DYNAMIC_NO_PIC = NO;
				GCC_NO_COMMON_BLOCKS = YES;
				GCC_OPTIMIZATION_LEVEL = 0;
				GCC_PREPROCESSOR_DEFINITIONS = (
					"DEBUG=1",
					"$(inherited)",
				);
				GCC_WARN_64_TO_32_BIT_CONVERSION = YES;
				GCC_WARN_ABOUT_RETURN_TYPE = YES_ERROR;
				GCC_WARN_UNDECLARED_SELECTOR = YES;
				GCC_WARN_UNINITIALIZED_AUTOS = YES_AGGRESSIVE;
				GCC_WARN_UNUSED_FUNCTION = YES;
				GCC_WARN_UNUSED_VARIABLE = YES;
				IPHONEOS_DEPLOYMENT_TARGET = 17.5;
				LOCALIZATION_PREFERS_STRING_CATALOGS = YES;
				MTL_ENABLE_DEBUG_INFO = INCLUDE_SOURCE;
				MTL_FAST_MATH = YES;
				ONLY_ACTIVE_ARCH = YES;
				SDKROOT = iphoneos;
				SWIFT_ACTIVE_COMPILATION_CONDITIONS = "DEBUG $(inherited)";
				SWIFT_OPTIMIZATION_LEVEL = "-Onone";
			};
			name = Debug;
		};
		C09BFB2C2C262D390042DBED /* Release */ = {
			isa = XCBuildConfiguration;
			buildSettings = {
				ALWAYS_SEARCH_USER_PATHS = NO;
				ASSETCATALOG_COMPILER_GENERATE_SWIFT_ASSET_SYMBOL_EXTENSIONS = YES;
				CLANG_ANALYZER_NONNULL = YES;
				CLANG_ANALYZER_NUMBER_OBJECT_CONVERSION = YES_AGGRESSIVE;
				CLANG_CXX_LANGUAGE_STANDARD = "gnu++20";
				CLANG_ENABLE_MODULES = YES;
				CLANG_ENABLE_OBJC_ARC = YES;
				CLANG_ENABLE_OBJC_WEAK = YES;
				CLANG_WARN_BLOCK_CAPTURE_AUTORELEASING = YES;
				CLANG_WARN_BOOL_CONVERSION = YES;
				CLANG_WARN_COMMA = YES;
				CLANG_WARN_CONSTANT_CONVERSION = YES;
				CLANG_WARN_DEPRECATED_OBJC_IMPLEMENTATIONS = YES;
				CLANG_WARN_DIRECT_OBJC_ISA_USAGE = YES_ERROR;
				CLANG_WARN_DOCUMENTATION_COMMENTS = YES;
				CLANG_WARN_EMPTY_BODY = YES;
				CLANG_WARN_ENUM_CONVERSION = YES;
				CLANG_WARN_INFINITE_RECURSION = YES;
				CLANG_WARN_INT_CONVERSION = YES;
				CLANG_WARN_NON_LITERAL_NULL_CONVERSION = YES;
				CLANG_WARN_OBJC_IMPLICIT_RETAIN_SELF = YES;
				CLANG_WARN_OBJC_LITERAL_CONVERSION = YES;
				CLANG_WARN_OBJC_ROOT_CLASS = YES_ERROR;
				CLANG_WARN_QUOTED_INCLUDE_IN_FRAMEWORK_HEADER = YES;
				CLANG_WARN_RANGE_LOOP_ANALYSIS = YES;
				CLANG_WARN_STRICT_PROTOTYPES = YES;
				CLANG_WARN_SUSPICIOUS_MOVE = YES;
				CLANG_WARN_UNGUARDED_AVAILABILITY = YES_AGGRESSIVE;
				CLANG_WARN_UNREACHABLE_CODE = YES;
				CLANG_WARN__DUPLICATE_METHOD_MATCH = YES;
				COPY_PHASE_STRIP = NO;
				DEBUG_INFORMATION_FORMAT = "dwarf-with-dsym";
				ENABLE_NS_ASSERTIONS = NO;
				ENABLE_STRICT_OBJC_MSGSEND = YES;
				ENABLE_USER_SCRIPT_SANDBOXING = YES;
				GCC_C_LANGUAGE_STANDARD = gnu17;
				GCC_NO_COMMON_BLOCKS = YES;
				GCC_WARN_64_TO_32_BIT_CONVERSION = YES;
				GCC_WARN_ABOUT_RETURN_TYPE = YES_ERROR;
				GCC_WARN_UNDECLARED_SELECTOR = YES;
				GCC_WARN_UNINITIALIZED_AUTOS = YES_AGGRESSIVE;
				GCC_WARN_UNUSED_FUNCTION = YES;
				GCC_WARN_UNUSED_VARIABLE = YES;
				IPHONEOS_DEPLOYMENT_TARGET = 17.5;
				LOCALIZATION_PREFERS_STRING_CATALOGS = YES;
				MTL_ENABLE_DEBUG_INFO = NO;
				MTL_FAST_MATH = YES;
				SDKROOT = iphoneos;
				SWIFT_COMPILATION_MODE = wholemodule;
				VALIDATE_PRODUCT = YES;
			};
			name = Release;
		};
		C09BFB2E2C262D390042DBED /* Debug */ = {
			isa = XCBuildConfiguration;
			buildSettings = {
				ASSETCATALOG_COMPILER_APPICON_NAME = AppIcon;
				ASSETCATALOG_COMPILER_GLOBAL_ACCENT_COLOR_NAME = AccentColor;
				CODE_SIGN_STYLE = Automatic;
				CURRENT_PROJECT_VERSION = 1;
				DEVELOPMENT_ASSET_PATHS = "\"Treklet_frontend/Preview Content\"";
				DEVELOPMENT_TEAM = 48Z9Z35SMF;
				ENABLE_PREVIEWS = YES;
				GENERATE_INFOPLIST_FILE = YES;
				INFOPLIST_KEY_UIApplicationSceneManifest_Generation = YES;
				INFOPLIST_KEY_UIApplicationSupportsIndirectInputEvents = YES;
				INFOPLIST_KEY_UILaunchScreen_Generation = YES;
				INFOPLIST_KEY_UISupportedInterfaceOrientations_iPad = "UIInterfaceOrientationPortrait UIInterfaceOrientationPortraitUpsideDown UIInterfaceOrientationLandscapeLeft UIInterfaceOrientationLandscapeRight";
				INFOPLIST_KEY_UISupportedInterfaceOrientations_iPhone = "UIInterfaceOrientationPortrait UIInterfaceOrientationLandscapeLeft UIInterfaceOrientationLandscapeRight";
				LD_RUNPATH_SEARCH_PATHS = (
					"$(inherited)",
					"@executable_path/Frameworks",
				);
				MARKETING_VERSION = 1.0;
				PRODUCT_BUNDLE_IDENTIFIER = "com.goldguyer.Treklet-frontend";
				PRODUCT_NAME = "$(TARGET_NAME)";
				SWIFT_EMIT_LOC_STRINGS = YES;
				SWIFT_VERSION = 5.0;
				TARGETED_DEVICE_FAMILY = "1,2";
			};
			name = Debug;
		};
		C09BFB2F2C262D390042DBED /* Release */ = {
			isa = XCBuildConfiguration;
			buildSettings = {
				ASSETCATALOG_COMPILER_APPICON_NAME = AppIcon;
				ASSETCATALOG_COMPILER_GLOBAL_ACCENT_COLOR_NAME = AccentColor;
				CODE_SIGN_STYLE = Automatic;
				CURRENT_PROJECT_VERSION = 1;
				DEVELOPMENT_ASSET_PATHS = "\"Treklet_frontend/Preview Content\"";
				DEVELOPMENT_TEAM = 48Z9Z35SMF;
				ENABLE_PREVIEWS = YES;
				GENERATE_INFOPLIST_FILE = YES;
				INFOPLIST_KEY_UIApplicationSceneManifest_Generation = YES;
				INFOPLIST_KEY_UIApplicationSupportsIndirectInputEvents = YES;
				INFOPLIST_KEY_UILaunchScreen_Generation = YES;
				INFOPLIST_KEY_UISupportedInterfaceOrientations_iPad = "UIInterfaceOrientationPortrait UIInterfaceOrientationPortraitUpsideDown UIInterfaceOrientationLandscapeLeft UIInterfaceOrientationLandscapeRight";
				INFOPLIST_KEY_UISupportedInterfaceOrientations_iPhone = "UIInterfaceOrientationPortrait UIInterfaceOrientationLandscapeLeft UIInterfaceOrientationLandscapeRight";
				LD_RUNPATH_SEARCH_PATHS = (
					"$(inherited)",
					"@executable_path/Frameworks",
				);
				MARKETING_VERSION = 1.0;
				PRODUCT_BUNDLE_IDENTIFIER = "com.goldguyer.Treklet-frontend";
				PRODUCT_NAME = "$(TARGET_NAME)";
				SWIFT_EMIT_LOC_STRINGS = YES;
				SWIFT_VERSION = 5.0;
				TARGETED_DEVICE_FAMILY = "1,2";
			};
			name = Release;
		};
		C09BFB312C262D390042DBED /* Debug */ = {
			isa = XCBuildConfiguration;
			buildSettings = {
				ALWAYS_EMBED_SWIFT_STANDARD_LIBRARIES = YES;
				BUNDLE_LOADER = "$(TEST_HOST)";
				CODE_SIGN_STYLE = Automatic;
				CURRENT_PROJECT_VERSION = 1;
				DEVELOPMENT_TEAM = 48Z9Z35SMF;
				GENERATE_INFOPLIST_FILE = YES;
				IPHONEOS_DEPLOYMENT_TARGET = 17.5;
				MARKETING_VERSION = 1.0;
				PRODUCT_BUNDLE_IDENTIFIER = "com.goldguyer.Treklet-frontendTests";
				PRODUCT_NAME = "$(TARGET_NAME)";
				SWIFT_EMIT_LOC_STRINGS = NO;
				SWIFT_VERSION = 5.0;
				TARGETED_DEVICE_FAMILY = "1,2";
				TEST_HOST = "$(BUILT_PRODUCTS_DIR)/Treklet_frontend.app/$(BUNDLE_EXECUTABLE_FOLDER_PATH)/Treklet_frontend";
			};
			name = Debug;
		};
		C09BFB322C262D390042DBED /* Release */ = {
			isa = XCBuildConfiguration;
			buildSettings = {
				ALWAYS_EMBED_SWIFT_STANDARD_LIBRARIES = YES;
				BUNDLE_LOADER = "$(TEST_HOST)";
				CODE_SIGN_STYLE = Automatic;
				CURRENT_PROJECT_VERSION = 1;
				DEVELOPMENT_TEAM = 48Z9Z35SMF;
				GENERATE_INFOPLIST_FILE = YES;
				IPHONEOS_DEPLOYMENT_TARGET = 17.5;
				MARKETING_VERSION = 1.0;
				PRODUCT_BUNDLE_IDENTIFIER = "com.goldguyer.Treklet-frontendTests";
				PRODUCT_NAME = "$(TARGET_NAME)";
				SWIFT_EMIT_LOC_STRINGS = NO;
				SWIFT_VERSION = 5.0;
				TARGETED_DEVICE_FAMILY = "1,2";
				TEST_HOST = "$(BUILT_PRODUCTS_DIR)/Treklet_frontend.app/$(BUNDLE_EXECUTABLE_FOLDER_PATH)/Treklet_frontend";
			};
			name = Release;
		};
		C09BFB342C262D390042DBED /* Debug */ = {
			isa = XCBuildConfiguration;
			buildSettings = {
				ALWAYS_EMBED_SWIFT_STANDARD_LIBRARIES = YES;
				CODE_SIGN_STYLE = Automatic;
				CURRENT_PROJECT_VERSION = 1;
				DEVELOPMENT_TEAM = 48Z9Z35SMF;
				GENERATE_INFOPLIST_FILE = YES;
				MARKETING_VERSION = 1.0;
				PRODUCT_BUNDLE_IDENTIFIER = "com.goldguyer.Treklet-frontendUITests";
				PRODUCT_NAME = "$(TARGET_NAME)";
				SWIFT_EMIT_LOC_STRINGS = NO;
				SWIFT_VERSION = 5.0;
				TARGETED_DEVICE_FAMILY = "1,2";
				TEST_TARGET_NAME = Treklet_frontend;
			};
			name = Debug;
		};
		C09BFB352C262D390042DBED /* Release */ = {
			isa = XCBuildConfiguration;
			buildSettings = {
				ALWAYS_EMBED_SWIFT_STANDARD_LIBRARIES = YES;
				CODE_SIGN_STYLE = Automatic;
				CURRENT_PROJECT_VERSION = 1;
				DEVELOPMENT_TEAM = 48Z9Z35SMF;
				GENERATE_INFOPLIST_FILE = YES;
				MARKETING_VERSION = 1.0;
				PRODUCT_BUNDLE_IDENTIFIER = "com.goldguyer.Treklet-frontendUITests";
				PRODUCT_NAME = "$(TARGET_NAME)";
				SWIFT_EMIT_LOC_STRINGS = NO;
				SWIFT_VERSION = 5.0;
				TARGETED_DEVICE_FAMILY = "1,2";
				TEST_TARGET_NAME = Treklet_frontend;
			};
			name = Release;
		};
/* End XCBuildConfiguration section */

/* Begin XCConfigurationList section */
		C09BFB042C262D380042DBED /* Build configuration list for PBXProject "Treklet_frontend" */ = {
			isa = XCConfigurationList;
			buildConfigurations = (
				C09BFB2B2C262D390042DBED /* Debug */,
				C09BFB2C2C262D390042DBED /* Release */,
			);
			defaultConfigurationIsVisible = 0;
			defaultConfigurationName = Release;
		};
		C09BFB2D2C262D390042DBED /* Build configuration list for PBXNativeTarget "Treklet_frontend" */ = {
			isa = XCConfigurationList;
			buildConfigurations = (
				C09BFB2E2C262D390042DBED /* Debug */,
				C09BFB2F2C262D390042DBED /* Release */,
			);
			defaultConfigurationIsVisible = 0;
			defaultConfigurationName = Release;
		};
		C09BFB302C262D390042DBED /* Build configuration list for PBXNativeTarget "Treklet_frontendTests" */ = {
			isa = XCConfigurationList;
			buildConfigurations = (
				C09BFB312C262D390042DBED /* Debug */,
				C09BFB322C262D390042DBED /* Release */,
			);
			defaultConfigurationIsVisible = 0;
			defaultConfigurationName = Release;
		};
		C09BFB332C262D390042DBED /* Build configuration list for PBXNativeTarget "Treklet_frontendUITests" */ = {
			isa = XCConfigurationList;
			buildConfigurations = (
				C09BFB342C262D390042DBED /* Debug */,
				C09BFB352C262D390042DBED /* Release */,
			);
			defaultConfigurationIsVisible = 0;
			defaultConfigurationName = Release;
		};
/* End XCConfigurationList section */
	};
	rootObject = C09BFB012C262D380042DBED /* Project object */;
}
